// !$*UTF8*$!
{
	archiveVersion = 1;
	classes = {
	};
	objectVersion = 46;
	objects = {

/* Begin PBXBuildFile section */
		3E925AA57A13D54B51FCB93F /* Foundation.framework in Frameworks */ = {isa = PBXBuildFile; fileRef = CB258DC2BE2DAC62F3D04E4A /* Foundation.framework */; };
		3F9259D50D95F7966B94C861 /* Pods_GoEuroCommon_GoEuro.framework in Frameworks */ = {isa = PBXBuildFile; fileRef = 3EE261C6688CF368F11C5102 /* Pods_GoEuroCommon_GoEuro.framework */; };
		68EA9169756B3481058AE6B9 /* Pods_GoEuroCommon_Tests.framework in Frameworks */ = {isa = PBXBuildFile; fileRef = 7202077BB32C74AC584FC767 /* Pods_GoEuroCommon_Tests.framework */; };
		830F26B959140336B5CB0DA0 /* LaunchScreen.storyboard in Resources */ = {isa = PBXBuildFile; fileRef = 172FF28D9AEA2508769CD251 /* LaunchScreen.storyboard */; };
		A887D59736118BE816CADA31 /* Assets.xcassets in Resources */ = {isa = PBXBuildFile; fileRef = 5092B5CC3FC56A4C86CAE3FA /* Assets.xcassets */; };
		AD5838401E3A135B0039B975 /* Flight.swift in Sources */ = {isa = PBXBuildFile; fileRef = AD58383F1E3A135B0039B975 /* Flight.swift */; };
		AD5838421E3A13620039B975 /* Train.swift in Sources */ = {isa = PBXBuildFile; fileRef = AD5838411E3A13620039B975 /* Train.swift */; };
		AD5838441E3A136F0039B975 /* Bus.swift in Sources */ = {isa = PBXBuildFile; fileRef = AD5838431E3A136F0039B975 /* Bus.swift */; };
		AD5838461E3A13B10039B975 /* EnumKey.swift in Sources */ = {isa = PBXBuildFile; fileRef = AD5838451E3A13B10039B975 /* EnumKey.swift */; };
		AD5838481E3A14D50039B975 /* TravelMode.swift in Sources */ = {isa = PBXBuildFile; fileRef = AD5838471E3A14D50039B975 /* TravelMode.swift */; };
		AD58384B1E3A158A0039B975 /* GoEuroRestApi.swift in Sources */ = {isa = PBXBuildFile; fileRef = AD58384A1E3A158A0039B975 /* GoEuroRestApi.swift */; };
		AD58384D1E3A15920039B975 /* Providers.swift in Sources */ = {isa = PBXBuildFile; fileRef = AD58384C1E3A15920039B975 /* Providers.swift */; };
		AD58384F1E3A159B0039B975 /* NetworkClient.swift in Sources */ = {isa = PBXBuildFile; fileRef = AD58384E1E3A159B0039B975 /* NetworkClient.swift */; };
		AD5838521E3A16EB0039B975 /* ProviderLogoTransformer.swift in Sources */ = {isa = PBXBuildFile; fileRef = AD5838511E3A16EB0039B975 /* ProviderLogoTransformer.swift */; };
		AD5838541E3A17D20039B975 /* R.generated.swift in Sources */ = {isa = PBXBuildFile; fileRef = AD5838531E3A17D20039B975 /* R.generated.swift */; };
		AD58387A1E3B4C6B0039B975 /* ObservableType+Mappable.swift in Sources */ = {isa = PBXBuildFile; fileRef = AD5838791E3B4C6B0039B975 /* ObservableType+Mappable.swift */; };
		AD6FD69C1E3B50E2002C3FEA /* ContainerViewController.swift in Sources */ = {isa = PBXBuildFile; fileRef = AD6FD69B1E3B50E2002C3FEA /* ContainerViewController.swift */; };
		AD6FD69E1E3B518B002C3FEA /* FlightsViewController.swift in Sources */ = {isa = PBXBuildFile; fileRef = AD6FD69D1E3B518B002C3FEA /* FlightsViewController.swift */; };
		AD6FD6A01E3B51D0002C3FEA /* BusesViewController.swift in Sources */ = {isa = PBXBuildFile; fileRef = AD6FD69F1E3B51D0002C3FEA /* BusesViewController.swift */; };
		AD6FD6A21E3B51EA002C3FEA /* TrainsViewController.swift in Sources */ = {isa = PBXBuildFile; fileRef = AD6FD6A11E3B51EA002C3FEA /* TrainsViewController.swift */; };
		AD6FD6A51E3B53B9002C3FEA /* TravelCell.swift in Sources */ = {isa = PBXBuildFile; fileRef = AD6FD6A31E3B53B9002C3FEA /* TravelCell.swift */; };
		AD6FD6A61E3B53B9002C3FEA /* TravelCell.xib in Resources */ = {isa = PBXBuildFile; fileRef = AD6FD6A41E3B53B9002C3FEA /* TravelCell.xib */; };
		AD6FD6AA1E3B58A3002C3FEA /* BaseViewController.swift in Sources */ = {isa = PBXBuildFile; fileRef = AD6FD6A91E3B58A3002C3FEA /* BaseViewController.swift */; };
		AD6FD6AC1E3B58E3002C3FEA /* TrainsViewModel.swift in Sources */ = {isa = PBXBuildFile; fileRef = AD6FD6AB1E3B58E3002C3FEA /* TrainsViewModel.swift */; };
		AD6FD6AE1E3B58F0002C3FEA /* BusesViewModel.swift in Sources */ = {isa = PBXBuildFile; fileRef = AD6FD6AD1E3B58F0002C3FEA /* BusesViewModel.swift */; };
		AD6FD6B01E3B58FD002C3FEA /* FlightsViewModel.swift in Sources */ = {isa = PBXBuildFile; fileRef = AD6FD6AF1E3B58FD002C3FEA /* FlightsViewModel.swift */; };
		AD6FD6B21E3B59F1002C3FEA /* AppCoordinator.swift in Sources */ = {isa = PBXBuildFile; fileRef = AD6FD6B11E3B59F1002C3FEA /* AppCoordinator.swift */; };
		AD6FD6B41E3B59F9002C3FEA /* TravelCoordinator.swift in Sources */ = {isa = PBXBuildFile; fileRef = AD6FD6B31E3B59F9002C3FEA /* TravelCoordinator.swift */; };
		AD6FD6B61E3B5AAF002C3FEA /* Coordinator.swift in Sources */ = {isa = PBXBuildFile; fileRef = AD6FD6B51E3B5AAF002C3FEA /* Coordinator.swift */; };
		AD6FD6B81E3B5C10002C3FEA /* ViewModel.swift in Sources */ = {isa = PBXBuildFile; fileRef = AD6FD6B71E3B5C10002C3FEA /* ViewModel.swift */; };
		AD6FD6BA1E3B5C23002C3FEA /* SectionViewModelType.swift in Sources */ = {isa = PBXBuildFile; fileRef = AD6FD6B91E3B5C23002C3FEA /* SectionViewModelType.swift */; };
		AD6FD6BC1E3B5C89002C3FEA /* TravelItemViewModel.swift in Sources */ = {isa = PBXBuildFile; fileRef = AD6FD6BB1E3B5C89002C3FEA /* TravelItemViewModel.swift */; };
		AD6FD6BE1E3B5D00002C3FEA /* ObservableType+TravelMode.swift in Sources */ = {isa = PBXBuildFile; fileRef = AD6FD6BD1E3B5D00002C3FEA /* ObservableType+TravelMode.swift */; };
		AD6FD6C21E3B6270002C3FEA /* DownloadableImage.swift in Sources */ = {isa = PBXBuildFile; fileRef = AD6FD6C11E3B6270002C3FEA /* DownloadableImage.swift */; };
		AD6FD6C41E3B6294002C3FEA /* UIImageView+Rx.swift in Sources */ = {isa = PBXBuildFile; fileRef = AD6FD6C31E3B6294002C3FEA /* UIImageView+Rx.swift */; };
		AD6FD6C61E3B8F0C002C3FEA /* Stylesheet.swift in Sources */ = {isa = PBXBuildFile; fileRef = AD6FD6C51E3B8F0C002C3FEA /* Stylesheet.swift */; };
		AD6FD6C81E3B9066002C3FEA /* Appearance.swift in Sources */ = {isa = PBXBuildFile; fileRef = AD6FD6C71E3B9066002C3FEA /* Appearance.swift */; };
		AD6FD6CA1E3B92FE002C3FEA /* UINavigationController+StatusBar.swift in Sources */ = {isa = PBXBuildFile; fileRef = AD6FD6C91E3B92FE002C3FEA /* UINavigationController+StatusBar.swift */; };
		AD6FD6CC1E3B9A82002C3FEA /* String+Range.swift in Sources */ = {isa = PBXBuildFile; fileRef = AD6FD6CB1E3B9A82002C3FEA /* String+Range.swift */; };
		AD6FD6CF1E3B9B78002C3FEA /* Flights.json in Resources */ = {isa = PBXBuildFile; fileRef = AD6FD6CE1E3B9B78002C3FEA /* Flights.json */; };
		AD6FD6D11E3B9B97002C3FEA /* Buses.json in Resources */ = {isa = PBXBuildFile; fileRef = AD6FD6D01E3B9B97002C3FEA /* Buses.json */; };
		AD6FD6D51E3B9BBD002C3FEA /* Trains.json in Resources */ = {isa = PBXBuildFile; fileRef = AD6FD6D41E3B9BBD002C3FEA /* Trains.json */; };
		AD6FD6D71E3B9C05002C3FEA /* FileReader.swift in Sources */ = {isa = PBXBuildFile; fileRef = AD6FD6D61E3B9C05002C3FEA /* FileReader.swift */; };
		AD6FD6D91E3B9C23002C3FEA /* JSONReader.swift in Sources */ = {isa = PBXBuildFile; fileRef = AD6FD6D81E3B9C23002C3FEA /* JSONReader.swift */; };
		DC632240DC58A6EFEB4031B8 /* Settings.bundle in Resources */ = {isa = PBXBuildFile; fileRef = 4A2AA4DF04D6A06B017C3A71 /* Settings.bundle */; };
		E699F33A2CE1045D9CD999AF /* Main.storyboard in Resources */ = {isa = PBXBuildFile; fileRef = CA0F460E49A05B7CEEF0ACA1 /* Main.storyboard */; };
		ED704DBCFC016CC00ABE23FE /* AppDelegate.swift in Sources */ = {isa = PBXBuildFile; fileRef = 2A80ED20870388BE6872C6D2 /* AppDelegate.swift */; };
/* End PBXBuildFile section */

/* Begin PBXContainerItemProxy section */
		D6E088BF6EBC6FFB98C98567 /* PBXContainerItemProxy */ = {
			isa = PBXContainerItemProxy;
			containerPortal = E250EBC0BD06558A79F1E854 /* Project object */;
			proxyType = 1;
			remoteGlobalIDString = 1F85EEBCB7B9207896DB8E8D;
			remoteInfo = GoEuro;
		};
/* End PBXContainerItemProxy section */

/* Begin PBXFileReference section */
		07F499203A7ECAC08E97DCBE /* Pods-GoEuroCommon-Tests.release.xcconfig */ = {isa = PBXFileReference; includeInIndex = 1; lastKnownFileType = text.xcconfig; name = "Pods-GoEuroCommon-Tests.release.xcconfig"; path = "Pods/Target Support Files/Pods-GoEuroCommon-Tests/Pods-GoEuroCommon-Tests.release.xcconfig"; sourceTree = "<group>"; };
		172FF28D9AEA2508769CD251 /* LaunchScreen.storyboard */ = {isa = PBXFileReference; includeInIndex = 1; lastKnownFileType = file.storyboard; path = LaunchScreen.storyboard; sourceTree = "<group>"; };
		243CBDBF57A644EC233FE693 /* Tests-Info.plist */ = {isa = PBXFileReference; includeInIndex = 1; lastKnownFileType = text.plist.xml; path = "Tests-Info.plist"; sourceTree = "<group>"; };
		256F1817F40F809E834BD7BE /* Pods-GoEuroCommon-GoEuro.debug.xcconfig */ = {isa = PBXFileReference; includeInIndex = 1; lastKnownFileType = text.xcconfig; name = "Pods-GoEuroCommon-GoEuro.debug.xcconfig"; path = "Pods/Target Support Files/Pods-GoEuroCommon-GoEuro/Pods-GoEuroCommon-GoEuro.debug.xcconfig"; sourceTree = "<group>"; };
		2881A81D4CA1953963938E08 /* Tests.xctest */ = {isa = PBXFileReference; explicitFileType = wrapper.cfbundle; includeInIndex = 0; path = Tests.xctest; sourceTree = BUILT_PRODUCTS_DIR; };
		2A80ED20870388BE6872C6D2 /* AppDelegate.swift */ = {isa = PBXFileReference; includeInIndex = 1; lastKnownFileType = sourcecode.swift; path = AppDelegate.swift; sourceTree = "<group>"; };
		2B403AB4AC009D69ECC6DD12 /* Pods-GoEuroCommon-GoEuro.release.xcconfig */ = {isa = PBXFileReference; includeInIndex = 1; lastKnownFileType = text.xcconfig; name = "Pods-GoEuroCommon-GoEuro.release.xcconfig"; path = "Pods/Target Support Files/Pods-GoEuroCommon-GoEuro/Pods-GoEuroCommon-GoEuro.release.xcconfig"; sourceTree = "<group>"; };
		3EE261C6688CF368F11C5102 /* Pods_GoEuroCommon_GoEuro.framework */ = {isa = PBXFileReference; explicitFileType = wrapper.framework; includeInIndex = 0; path = Pods_GoEuroCommon_GoEuro.framework; sourceTree = BUILT_PRODUCTS_DIR; };
		4A2AA4DF04D6A06B017C3A71 /* Settings.bundle */ = {isa = PBXFileReference; includeInIndex = 1; lastKnownFileType = "wrapper.plug-in"; path = Settings.bundle; sourceTree = "<group>"; };
		5092B5CC3FC56A4C86CAE3FA /* Assets.xcassets */ = {isa = PBXFileReference; includeInIndex = 1; lastKnownFileType = folder.assetcatalog; path = Assets.xcassets; sourceTree = "<group>"; };
		7202077BB32C74AC584FC767 /* Pods_GoEuroCommon_Tests.framework */ = {isa = PBXFileReference; explicitFileType = wrapper.framework; includeInIndex = 0; path = Pods_GoEuroCommon_Tests.framework; sourceTree = BUILT_PRODUCTS_DIR; };
		74E223985ACDA962D0A1C77B /* Info.plist */ = {isa = PBXFileReference; includeInIndex = 1; lastKnownFileType = text.plist.xml; path = Info.plist; sourceTree = "<group>"; };
		7D13F5FB2A82685CCAA78D9F /* Pods-GoEuroCommon-Tests.debug.xcconfig */ = {isa = PBXFileReference; includeInIndex = 1; lastKnownFileType = text.xcconfig; name = "Pods-GoEuroCommon-Tests.debug.xcconfig"; path = "Pods/Target Support Files/Pods-GoEuroCommon-Tests/Pods-GoEuroCommon-Tests.debug.xcconfig"; sourceTree = "<group>"; };
		90767C99D477C3826B6921B6 /* GoEuro.app */ = {isa = PBXFileReference; explicitFileType = wrapper.application; includeInIndex = 0; path = GoEuro.app; sourceTree = BUILT_PRODUCTS_DIR; };
		AD58383F1E3A135B0039B975 /* Flight.swift */ = {isa = PBXFileReference; fileEncoding = 4; lastKnownFileType = sourcecode.swift; path = Flight.swift; sourceTree = "<group>"; };
		AD5838411E3A13620039B975 /* Train.swift */ = {isa = PBXFileReference; fileEncoding = 4; lastKnownFileType = sourcecode.swift; path = Train.swift; sourceTree = "<group>"; };
		AD5838431E3A136F0039B975 /* Bus.swift */ = {isa = PBXFileReference; fileEncoding = 4; lastKnownFileType = sourcecode.swift; path = Bus.swift; sourceTree = "<group>"; };
		AD5838451E3A13B10039B975 /* EnumKey.swift */ = {isa = PBXFileReference; fileEncoding = 4; lastKnownFileType = sourcecode.swift; path = EnumKey.swift; sourceTree = "<group>"; };
		AD5838471E3A14D50039B975 /* TravelMode.swift */ = {isa = PBXFileReference; fileEncoding = 4; lastKnownFileType = sourcecode.swift; path = TravelMode.swift; sourceTree = "<group>"; };
		AD58384A1E3A158A0039B975 /* GoEuroRestApi.swift */ = {isa = PBXFileReference; fileEncoding = 4; lastKnownFileType = sourcecode.swift; path = GoEuroRestApi.swift; sourceTree = "<group>"; };
		AD58384C1E3A15920039B975 /* Providers.swift */ = {isa = PBXFileReference; fileEncoding = 4; lastKnownFileType = sourcecode.swift; path = Providers.swift; sourceTree = "<group>"; };
		AD58384E1E3A159B0039B975 /* NetworkClient.swift */ = {isa = PBXFileReference; fileEncoding = 4; lastKnownFileType = sourcecode.swift; path = NetworkClient.swift; sourceTree = "<group>"; };
		AD5838511E3A16EB0039B975 /* ProviderLogoTransformer.swift */ = {isa = PBXFileReference; fileEncoding = 4; lastKnownFileType = sourcecode.swift; path = ProviderLogoTransformer.swift; sourceTree = "<group>"; };
		AD5838531E3A17D20039B975 /* R.generated.swift */ = {isa = PBXFileReference; fileEncoding = 4; lastKnownFileType = sourcecode.swift; path = R.generated.swift; sourceTree = "<group>"; };
		AD5838791E3B4C6B0039B975 /* ObservableType+Mappable.swift */ = {isa = PBXFileReference; fileEncoding = 4; lastKnownFileType = sourcecode.swift; path = "ObservableType+Mappable.swift"; sourceTree = "<group>"; };
		AD6FD69B1E3B50E2002C3FEA /* ContainerViewController.swift */ = {isa = PBXFileReference; fileEncoding = 4; lastKnownFileType = sourcecode.swift; path = ContainerViewController.swift; sourceTree = "<group>"; };
		AD6FD69D1E3B518B002C3FEA /* FlightsViewController.swift */ = {isa = PBXFileReference; fileEncoding = 4; lastKnownFileType = sourcecode.swift; path = FlightsViewController.swift; sourceTree = "<group>"; };
		AD6FD69F1E3B51D0002C3FEA /* BusesViewController.swift */ = {isa = PBXFileReference; fileEncoding = 4; lastKnownFileType = sourcecode.swift; path = BusesViewController.swift; sourceTree = "<group>"; };
		AD6FD6A11E3B51EA002C3FEA /* TrainsViewController.swift */ = {isa = PBXFileReference; fileEncoding = 4; lastKnownFileType = sourcecode.swift; path = TrainsViewController.swift; sourceTree = "<group>"; };
		AD6FD6A31E3B53B9002C3FEA /* TravelCell.swift */ = {isa = PBXFileReference; fileEncoding = 4; lastKnownFileType = sourcecode.swift; path = TravelCell.swift; sourceTree = "<group>"; };
		AD6FD6A41E3B53B9002C3FEA /* TravelCell.xib */ = {isa = PBXFileReference; fileEncoding = 4; lastKnownFileType = file.xib; path = TravelCell.xib; sourceTree = "<group>"; };
		AD6FD6A91E3B58A3002C3FEA /* BaseViewController.swift */ = {isa = PBXFileReference; fileEncoding = 4; lastKnownFileType = sourcecode.swift; path = BaseViewController.swift; sourceTree = "<group>"; };
		AD6FD6AB1E3B58E3002C3FEA /* TrainsViewModel.swift */ = {isa = PBXFileReference; fileEncoding = 4; lastKnownFileType = sourcecode.swift; path = TrainsViewModel.swift; sourceTree = "<group>"; };
		AD6FD6AD1E3B58F0002C3FEA /* BusesViewModel.swift */ = {isa = PBXFileReference; fileEncoding = 4; lastKnownFileType = sourcecode.swift; path = BusesViewModel.swift; sourceTree = "<group>"; };
		AD6FD6AF1E3B58FD002C3FEA /* FlightsViewModel.swift */ = {isa = PBXFileReference; fileEncoding = 4; lastKnownFileType = sourcecode.swift; path = FlightsViewModel.swift; sourceTree = "<group>"; };
		AD6FD6B11E3B59F1002C3FEA /* AppCoordinator.swift */ = {isa = PBXFileReference; fileEncoding = 4; lastKnownFileType = sourcecode.swift; path = AppCoordinator.swift; sourceTree = "<group>"; };
		AD6FD6B31E3B59F9002C3FEA /* TravelCoordinator.swift */ = {isa = PBXFileReference; fileEncoding = 4; lastKnownFileType = sourcecode.swift; path = TravelCoordinator.swift; sourceTree = "<group>"; };
		AD6FD6B51E3B5AAF002C3FEA /* Coordinator.swift */ = {isa = PBXFileReference; fileEncoding = 4; lastKnownFileType = sourcecode.swift; path = Coordinator.swift; sourceTree = "<group>"; };
		AD6FD6B71E3B5C10002C3FEA /* ViewModel.swift */ = {isa = PBXFileReference; fileEncoding = 4; lastKnownFileType = sourcecode.swift; path = ViewModel.swift; sourceTree = "<group>"; };
		AD6FD6B91E3B5C23002C3FEA /* SectionViewModelType.swift */ = {isa = PBXFileReference; fileEncoding = 4; lastKnownFileType = sourcecode.swift; path = SectionViewModelType.swift; sourceTree = "<group>"; };
		AD6FD6BB1E3B5C89002C3FEA /* TravelItemViewModel.swift */ = {isa = PBXFileReference; fileEncoding = 4; lastKnownFileType = sourcecode.swift; path = TravelItemViewModel.swift; sourceTree = "<group>"; };
		AD6FD6BD1E3B5D00002C3FEA /* ObservableType+TravelMode.swift */ = {isa = PBXFileReference; fileEncoding = 4; lastKnownFileType = sourcecode.swift; path = "ObservableType+TravelMode.swift"; sourceTree = "<group>"; };
		AD6FD6C11E3B6270002C3FEA /* DownloadableImage.swift */ = {isa = PBXFileReference; fileEncoding = 4; lastKnownFileType = sourcecode.swift; path = DownloadableImage.swift; sourceTree = "<group>"; };
		AD6FD6C31E3B6294002C3FEA /* UIImageView+Rx.swift */ = {isa = PBXFileReference; fileEncoding = 4; lastKnownFileType = sourcecode.swift; path = "UIImageView+Rx.swift"; sourceTree = "<group>"; };
		AD6FD6C51E3B8F0C002C3FEA /* Stylesheet.swift */ = {isa = PBXFileReference; fileEncoding = 4; lastKnownFileType = sourcecode.swift; path = Stylesheet.swift; sourceTree = "<group>"; };
		AD6FD6C71E3B9066002C3FEA /* Appearance.swift */ = {isa = PBXFileReference; fileEncoding = 4; lastKnownFileType = sourcecode.swift; path = Appearance.swift; sourceTree = "<group>"; };
		AD6FD6C91E3B92FE002C3FEA /* UINavigationController+StatusBar.swift */ = {isa = PBXFileReference; fileEncoding = 4; lastKnownFileType = sourcecode.swift; path = "UINavigationController+StatusBar.swift"; sourceTree = "<group>"; };
		AD6FD6CB1E3B9A82002C3FEA /* String+Range.swift */ = {isa = PBXFileReference; fileEncoding = 4; lastKnownFileType = sourcecode.swift; path = "String+Range.swift"; sourceTree = "<group>"; };
		AD6FD6CE1E3B9B78002C3FEA /* Flights.json */ = {isa = PBXFileReference; fileEncoding = 4; lastKnownFileType = text.json; path = Flights.json; sourceTree = "<group>"; };
		AD6FD6D01E3B9B97002C3FEA /* Buses.json */ = {isa = PBXFileReference; fileEncoding = 4; lastKnownFileType = text.json; path = Buses.json; sourceTree = "<group>"; };
		AD6FD6D41E3B9BBD002C3FEA /* Trains.json */ = {isa = PBXFileReference; fileEncoding = 4; lastKnownFileType = text.json; path = Trains.json; sourceTree = "<group>"; };
		AD6FD6D61E3B9C05002C3FEA /* FileReader.swift */ = {isa = PBXFileReference; fileEncoding = 4; lastKnownFileType = sourcecode.swift; path = FileReader.swift; sourceTree = "<group>"; };
		AD6FD6D81E3B9C23002C3FEA /* JSONReader.swift */ = {isa = PBXFileReference; fileEncoding = 4; lastKnownFileType = sourcecode.swift; path = JSONReader.swift; sourceTree = "<group>"; };
		CA0F460E49A05B7CEEF0ACA1 /* Main.storyboard */ = {isa = PBXFileReference; includeInIndex = 1; lastKnownFileType = file.storyboard; path = Main.storyboard; sourceTree = "<group>"; };
		CB258DC2BE2DAC62F3D04E4A /* Foundation.framework */ = {isa = PBXFileReference; lastKnownFileType = wrapper.framework; name = Foundation.framework; path = Platforms/iPhoneOS.platform/Developer/SDKs/iPhoneOS10.0.sdk/System/Library/Frameworks/Foundation.framework; sourceTree = DEVELOPER_DIR; };
/* End PBXFileReference section */

/* Begin PBXFrameworksBuildPhase section */
		0AE89535B759CECFB8BF155B /* Frameworks */ = {
			isa = PBXFrameworksBuildPhase;
			buildActionMask = 2147483647;
			files = (
				68EA9169756B3481058AE6B9 /* Pods_GoEuroCommon_Tests.framework in Frameworks */,
			);
			runOnlyForDeploymentPostprocessing = 0;
		};
		E609A8794C0F9C448CF60764 /* Frameworks */ = {
			isa = PBXFrameworksBuildPhase;
			buildActionMask = 2147483647;
			files = (
				3E925AA57A13D54B51FCB93F /* Foundation.framework in Frameworks */,
				3F9259D50D95F7966B94C861 /* Pods_GoEuroCommon_GoEuro.framework in Frameworks */,
			);
			runOnlyForDeploymentPostprocessing = 0;
		};
/* End PBXFrameworksBuildPhase section */

/* Begin PBXGroup section */
		04D699EE6D739D1A85175153 /* ViewModel */ = {
			isa = PBXGroup;
			children = (
				AD6FD6AB1E3B58E3002C3FEA /* TrainsViewModel.swift */,
				AD6FD6AD1E3B58F0002C3FEA /* BusesViewModel.swift */,
				AD6FD6AF1E3B58FD002C3FEA /* FlightsViewModel.swift */,
				AD6FD6BB1E3B5C89002C3FEA /* TravelItemViewModel.swift */,
			);
			path = ViewModel;
			sourceTree = "<group>";
		};
		0AFDADC28CFACA3EE3799E55 /* Controller */ = {
			isa = PBXGroup;
			children = (
				AD6FD69B1E3B50E2002C3FEA /* ContainerViewController.swift */,
				AD6FD69D1E3B518B002C3FEA /* FlightsViewController.swift */,
				AD6FD69F1E3B51D0002C3FEA /* BusesViewController.swift */,
				AD6FD6A11E3B51EA002C3FEA /* TrainsViewController.swift */,
				AD6FD6A91E3B58A3002C3FEA /* BaseViewController.swift */,
			);
			path = Controller;
			sourceTree = "<group>";
		};
		1814DD3FFFDED1D91379C7B5 /* Network */ = {
			isa = PBXGroup;
			children = (
				AD6FD6CD1E3B9B61002C3FEA /* Stubbed Response */,
				AD5838491E3A157D0039B975 /* Target */,
				AD58384C1E3A15920039B975 /* Providers.swift */,
				AD58384E1E3A159B0039B975 /* NetworkClient.swift */,
			);
			path = Network;
			sourceTree = "<group>";
		};
		2E8614265F503682DD6CD21D /* Cells */ = {
			isa = PBXGroup;
			children = (
				AD6FD6A31E3B53B9002C3FEA /* TravelCell.swift */,
				AD6FD6A41E3B53B9002C3FEA /* TravelCell.xib */,
			);
			path = Cells;
			sourceTree = "<group>";
		};
		31E4713069F1A2D5C6447EBD /* Resources */ = {
			isa = PBXGroup;
			children = (
				6409D83B4CFB13386B8B17D6 /* R */,
				D4FA99093D33288618733873 /* Storyboards */,
				5092B5CC3FC56A4C86CAE3FA /* Assets.xcassets */,
				4A2AA4DF04D6A06B017C3A71 /* Settings.bundle */,
			);
			path = Resources;
			sourceTree = "<group>";
		};
		4287912A181F030B648236CA /* Supporting Files */ = {
			isa = PBXGroup;
			children = (
				74E223985ACDA962D0A1C77B /* Info.plist */,
			);
			path = "Supporting Files";
			sourceTree = "<group>";
		};
		4396BDA4977D7B31C46ED614 /* Common */ = {
			isa = PBXGroup;
			children = (
				6FD32CC67223591CC21EC998 /* Extensions */,
				88CB00F82ACA0D8102420245 /* Protocols */,
				AD6FD6C71E3B9066002C3FEA /* Appearance.swift */,
				AD6FD6C11E3B6270002C3FEA /* DownloadableImage.swift */,
				AD6FD6B91E3B5C23002C3FEA /* SectionViewModelType.swift */,
				AD6FD6C51E3B8F0C002C3FEA /* Stylesheet.swift */,
				AD6FD6D61E3B9C05002C3FEA /* FileReader.swift */,
				AD6FD6D81E3B9C23002C3FEA /* JSONReader.swift */,
			);
			path = Common;
			sourceTree = "<group>";
		};
		4926870AFDBB6BE4B48CADDC /* Resources */ = {
			isa = PBXGroup;
			children = (
				243CBDBF57A644EC233FE693 /* Tests-Info.plist */,
			);
			path = Resources;
			sourceTree = "<group>";
		};
		4EABE4FB871B5F8BD7DFF3F8 /* Coordinator */ = {
			isa = PBXGroup;
			children = (
				AD6FD6B11E3B59F1002C3FEA /* AppCoordinator.swift */,
				AD6FD6B31E3B59F9002C3FEA /* TravelCoordinator.swift */,
			);
			path = Coordinator;
			sourceTree = "<group>";
		};
		590DEFBCE512AA2FD740250E /* iOS */ = {
			isa = PBXGroup;
			children = (
				CB258DC2BE2DAC62F3D04E4A /* Foundation.framework */,
			);
			name = iOS;
			sourceTree = "<group>";
		};
		621B8691C001C0D32B2518E3 /* GoEuro */ = {
			isa = PBXGroup;
			children = (
				80153FCD86E5C93DDFE576D1 /* Model */,
				A17C5AD149C9A62D2D84AB82 /* View */,
				04D699EE6D739D1A85175153 /* ViewModel */,
				4EABE4FB871B5F8BD7DFF3F8 /* Coordinator */,
				1814DD3FFFDED1D91379C7B5 /* Network */,
				4396BDA4977D7B31C46ED614 /* Common */,
				FA5903804C2BCDC494BF49A0 /* App */,
				31E4713069F1A2D5C6447EBD /* Resources */,
				4287912A181F030B648236CA /* Supporting Files */,
			);
			path = GoEuro;
			sourceTree = "<group>";
		};
		6409D83B4CFB13386B8B17D6 /* R */ = {
			isa = PBXGroup;
			children = (
				AD5838531E3A17D20039B975 /* R.generated.swift */,
			);
			path = R;
			sourceTree = "<group>";
		};
		6FD32CC67223591CC21EC998 /* Extensions */ = {
			isa = PBXGroup;
			children = (
				AD5838781E3B4C5F0039B975 /* RxOperators */,
				AD6FD6C31E3B6294002C3FEA /* UIImageView+Rx.swift */,
				AD6FD6C91E3B92FE002C3FEA /* UINavigationController+StatusBar.swift */,
				AD6FD6CB1E3B9A82002C3FEA /* String+Range.swift */,
			);
			path = Extensions;
			sourceTree = "<group>";
		};
		80153FCD86E5C93DDFE576D1 /* Model */ = {
			isa = PBXGroup;
			children = (
				AD5838501E3A16DC0039B975 /* Transformers */,
				AD58383F1E3A135B0039B975 /* Flight.swift */,
				AD5838411E3A13620039B975 /* Train.swift */,
				AD5838431E3A136F0039B975 /* Bus.swift */,
				AD5838471E3A14D50039B975 /* TravelMode.swift */,
			);
			path = Model;
			sourceTree = "<group>";
		};
		88CB00F82ACA0D8102420245 /* Protocols */ = {
			isa = PBXGroup;
			children = (
				AD5838451E3A13B10039B975 /* EnumKey.swift */,
				AD6FD6B51E3B5AAF002C3FEA /* Coordinator.swift */,
				AD6FD6B71E3B5C10002C3FEA /* ViewModel.swift */,
			);
			path = Protocols;
			sourceTree = "<group>";
		};
		93959EF4DA991D58B9411107 /* Pods */ = {
			isa = PBXGroup;
			children = (
				2B403AB4AC009D69ECC6DD12 /* Pods-GoEuroCommon-GoEuro.release.xcconfig */,
				256F1817F40F809E834BD7BE /* Pods-GoEuroCommon-GoEuro.debug.xcconfig */,
				07F499203A7ECAC08E97DCBE /* Pods-GoEuroCommon-Tests.release.xcconfig */,
				7D13F5FB2A82685CCAA78D9F /* Pods-GoEuroCommon-Tests.debug.xcconfig */,
			);
			name = Pods;
			sourceTree = "<group>";
		};
		A17C5AD149C9A62D2D84AB82 /* View */ = {
			isa = PBXGroup;
			children = (
				2E8614265F503682DD6CD21D /* Cells */,
				0AFDADC28CFACA3EE3799E55 /* Controller */,
			);
			path = View;
			sourceTree = "<group>";
		};
		A6F1AE89CC81FE00A76301D6 /* Helpers */ = {
			isa = PBXGroup;
			children = (
			);
			path = Helpers;
			sourceTree = "<group>";
		};
		AD5838491E3A157D0039B975 /* Target */ = {
			isa = PBXGroup;
			children = (
				AD58384A1E3A158A0039B975 /* GoEuroRestApi.swift */,
			);
			path = Target;
			sourceTree = "<group>";
		};
		AD5838501E3A16DC0039B975 /* Transformers */ = {
			isa = PBXGroup;
			children = (
				AD5838511E3A16EB0039B975 /* ProviderLogoTransformer.swift */,
			);
			path = Transformers;
			sourceTree = "<group>";
		};
		AD5838781E3B4C5F0039B975 /* RxOperators */ = {
			isa = PBXGroup;
			children = (
				AD5838791E3B4C6B0039B975 /* ObservableType+Mappable.swift */,
				AD6FD6BD1E3B5D00002C3FEA /* ObservableType+TravelMode.swift */,
			);
			path = RxOperators;
			sourceTree = "<group>";
		};
		AD6FD6CD1E3B9B61002C3FEA /* Stubbed Response */ = {
			isa = PBXGroup;
			children = (
				AD6FD6CE1E3B9B78002C3FEA /* Flights.json */,
				AD6FD6D01E3B9B97002C3FEA /* Buses.json */,
				AD6FD6D41E3B9BBD002C3FEA /* Trains.json */,
			);
			path = "Stubbed Response";
			sourceTree = "<group>";
		};
		CC4A9482FE4618F7B30D63E9 = {
			isa = PBXGroup;
			children = (
				621B8691C001C0D32B2518E3 /* GoEuro */,
				CDCA6E25B7E30ECB758EA10E /* Tests */,
				D5B64637B4D82762A7F6C7B0 /* Frameworks */,
				F0758B936F9A7377E6E5CA65 /* Products */,
				93959EF4DA991D58B9411107 /* Pods */,
			);
			indentWidth = 4;
			sourceTree = "<group>";
			tabWidth = 4;
			usesTabs = 0;
		};
		CDCA6E25B7E30ECB758EA10E /* Tests */ = {
			isa = PBXGroup;
			children = (
				4926870AFDBB6BE4B48CADDC /* Resources */,
				A6F1AE89CC81FE00A76301D6 /* Helpers */,
				F49460C77EDB14CCDF576171 /* Specs */,
			);
			path = Tests;
			sourceTree = "<group>";
		};
		D4FA99093D33288618733873 /* Storyboards */ = {
			isa = PBXGroup;
			children = (
				CA0F460E49A05B7CEEF0ACA1 /* Main.storyboard */,
				172FF28D9AEA2508769CD251 /* LaunchScreen.storyboard */,
			);
			path = Storyboards;
			sourceTree = "<group>";
		};
		D5B64637B4D82762A7F6C7B0 /* Frameworks */ = {
			isa = PBXGroup;
			children = (
				590DEFBCE512AA2FD740250E /* iOS */,
				3EE261C6688CF368F11C5102 /* Pods_GoEuroCommon_GoEuro.framework */,
				7202077BB32C74AC584FC767 /* Pods_GoEuroCommon_Tests.framework */,
			);
			name = Frameworks;
			sourceTree = "<group>";
		};
		F0758B936F9A7377E6E5CA65 /* Products */ = {
			isa = PBXGroup;
			children = (
				90767C99D477C3826B6921B6 /* GoEuro.app */,
				2881A81D4CA1953963938E08 /* Tests.xctest */,
			);
			name = Products;
			sourceTree = "<group>";
		};
		F49460C77EDB14CCDF576171 /* Specs */ = {
			isa = PBXGroup;
			children = (
			);
			path = Specs;
			sourceTree = "<group>";
		};
		FA5903804C2BCDC494BF49A0 /* App */ = {
			isa = PBXGroup;
			children = (
				2A80ED20870388BE6872C6D2 /* AppDelegate.swift */,
			);
			path = App;
			sourceTree = "<group>";
		};
/* End PBXGroup section */

/* Begin PBXNativeTarget section */
		1F85EEBCB7B9207896DB8E8D /* GoEuro */ = {
			isa = PBXNativeTarget;
			buildConfigurationList = 4AED13C0D40BF56796F47709 /* Build configuration list for PBXNativeTarget "GoEuro" */;
			buildPhases = (
				6C1E3C98C72EE3076F25DEBA /* [CP] Check Pods Manifest.lock */,
				CAE3E3A4315C115D2B1FDF18 /* R.swift */,
				4BDAA3C13DC328B8F1D557D0 /* Swiftlint */,
				D6E86AAF9055394866C5C394 /* Sources */,
				E609A8794C0F9C448CF60764 /* Frameworks */,
				3652261490E40B1C628FE9E4 /* Resources */,
				6B0A48B4E89AF4AFDBD6C390 /* [CP] Embed Pods Frameworks */,
				4461467AE19B3EE0D0A47B46 /* [CP] Copy Pods Resources */,
				3C5C0E393E97A76EDBD08B4B /* Set version number */,
			);
			buildRules = (
			);
			dependencies = (
			);
			name = GoEuro;
			productName = GoEuro;
			productReference = 90767C99D477C3826B6921B6 /* GoEuro.app */;
			productType = "com.apple.product-type.application";
		};
		7A6A886E8A6E864CB98CD81D /* Tests */ = {
			isa = PBXNativeTarget;
			buildConfigurationList = 92422617A14D1E0EC2D1C944 /* Build configuration list for PBXNativeTarget "Tests" */;
			buildPhases = (
				C9D95A1D0A89983A1F3A7C79 /* [CP] Check Pods Manifest.lock */,
				421F6DDB582269E4B9A0C250 /* Sources */,
				0AE89535B759CECFB8BF155B /* Frameworks */,
				2F4B2D56B67234CF7B53E744 /* Resources */,
				F7CBF87AE31E1E442A316B5E /* [CP] Embed Pods Frameworks */,
				CCB344D3B11C7AF28D22D630 /* [CP] Copy Pods Resources */,
			);
			buildRules = (
			);
			dependencies = (
				0DA6563CECEE6AEDA40E4551 /* PBXTargetDependency */,
			);
			name = Tests;
			productName = Tests;
			productReference = 2881A81D4CA1953963938E08 /* Tests.xctest */;
			productType = "com.apple.product-type.bundle.unit-test";
		};
/* End PBXNativeTarget section */

/* Begin PBXProject section */
		E250EBC0BD06558A79F1E854 /* Project object */ = {
			isa = PBXProject;
			attributes = {
				CLASSPREFIX = "";
				LastSwiftUpdateCheck = 0800;
				LastUpgradeCheck = 0820;
				ORGANIZATIONNAME = GoEuro;
			};
			buildConfigurationList = E69C5F35E46574E4D2D2FC65 /* Build configuration list for PBXProject "GoEuro" */;
			compatibilityVersion = "Xcode 3.2";
			developmentRegion = English;
			hasScannedForEncodings = 0;
			knownRegions = (
				en,
			);
			mainGroup = CC4A9482FE4618F7B30D63E9;
			productRefGroup = F0758B936F9A7377E6E5CA65 /* Products */;
			projectDirPath = "";
			projectRoot = "";
			targets = (
				1F85EEBCB7B9207896DB8E8D /* GoEuro */,
				7A6A886E8A6E864CB98CD81D /* Tests */,
			);
		};
/* End PBXProject section */

/* Begin PBXResourcesBuildPhase section */
		2F4B2D56B67234CF7B53E744 /* Resources */ = {
			isa = PBXResourcesBuildPhase;
			buildActionMask = 2147483647;
			files = (
			);
			runOnlyForDeploymentPostprocessing = 0;
		};
		3652261490E40B1C628FE9E4 /* Resources */ = {
			isa = PBXResourcesBuildPhase;
			buildActionMask = 2147483647;
			files = (
				AD6FD6D11E3B9B97002C3FEA /* Buses.json in Resources */,
				AD6FD6A61E3B53B9002C3FEA /* TravelCell.xib in Resources */,
				AD6FD6CF1E3B9B78002C3FEA /* Flights.json in Resources */,
				E699F33A2CE1045D9CD999AF /* Main.storyboard in Resources */,
				AD6FD6D51E3B9BBD002C3FEA /* Trains.json in Resources */,
				830F26B959140336B5CB0DA0 /* LaunchScreen.storyboard in Resources */,
				A887D59736118BE816CADA31 /* Assets.xcassets in Resources */,
				DC632240DC58A6EFEB4031B8 /* Settings.bundle in Resources */,
			);
			runOnlyForDeploymentPostprocessing = 0;
		};
/* End PBXResourcesBuildPhase section */

/* Begin PBXShellScriptBuildPhase section */
		3C5C0E393E97A76EDBD08B4B /* Set version number */ = {
			isa = PBXShellScriptBuildPhase;
			buildActionMask = 2147483647;
			files = (
			);
			inputPaths = (
			);
			name = "Set version number";
			outputPaths = (
			);
			runOnlyForDeploymentPostprocessing = 0;
			shellPath = /bin/sh;
			shellScript = "git=$(sh /etc/profile; which git)\ngit_release_version=$(\"$git\" describe --tags --always --abbrev=0)\nnumber_of_commits=$(\"$git\" rev-list master --count)\ntarget_plist=\"$TARGET_BUILD_DIR/$INFOPLIST_PATH\"\ndsym_plist=\"$DWARF_DSYM_FOLDER_PATH/$DWARF_DSYM_FILE_NAME/Contents/Info.plist\"\n\nfor plist in \"$target_plist\" \"$dsym_plist\"; do\n  if [ -f \"$plist\" ]; then\n    /usr/libexec/PlistBuddy -c \"Set :CFBundleVersion $number_of_commits\" \"$plist\"\n    /usr/libexec/PlistBuddy -c \"Set :CFBundleShortVersionString ${git_release_version#*v}\" \"$plist\"\n  fi\ndone\n";
		};
		4461467AE19B3EE0D0A47B46 /* [CP] Copy Pods Resources */ = {
			isa = PBXShellScriptBuildPhase;
			buildActionMask = 2147483647;
			files = (
			);
			inputPaths = (
			);
			name = "[CP] Copy Pods Resources";
			outputPaths = (
			);
			runOnlyForDeploymentPostprocessing = 0;
			shellPath = /bin/sh;
			shellScript = "\"${SRCROOT}/Pods/Target Support Files/Pods-GoEuroCommon-GoEuro/Pods-GoEuroCommon-GoEuro-resources.sh\"\n";
			showEnvVarsInLog = 0;
		};
		4BDAA3C13DC328B8F1D557D0 /* Swiftlint */ = {
			isa = PBXShellScriptBuildPhase;
			buildActionMask = 2147483647;
			files = (
			);
			inputPaths = (
			);
			name = Swiftlint;
			outputPaths = (
			);
			runOnlyForDeploymentPostprocessing = 0;
			shellPath = /bin/sh;
			shellScript = "if which swiftlint >/dev/null; then\nswiftlint\nelse\necho \"warning: SwiftLint not installed, download from https://github.com/realm/SwiftLint\"\nfi\n";
		};
		6B0A48B4E89AF4AFDBD6C390 /* [CP] Embed Pods Frameworks */ = {
			isa = PBXShellScriptBuildPhase;
			buildActionMask = 2147483647;
			files = (
			);
			inputPaths = (
			);
			name = "[CP] Embed Pods Frameworks";
			outputPaths = (
			);
			runOnlyForDeploymentPostprocessing = 0;
			shellPath = /bin/sh;
			shellScript = "\"${SRCROOT}/Pods/Target Support Files/Pods-GoEuroCommon-GoEuro/Pods-GoEuroCommon-GoEuro-frameworks.sh\"\n";
			showEnvVarsInLog = 0;
		};
		6C1E3C98C72EE3076F25DEBA /* [CP] Check Pods Manifest.lock */ = {
			isa = PBXShellScriptBuildPhase;
			buildActionMask = 2147483647;
			files = (
			);
			inputPaths = (
			);
			name = "[CP] Check Pods Manifest.lock";
			outputPaths = (
			);
			runOnlyForDeploymentPostprocessing = 0;
			shellPath = /bin/sh;
			shellScript = "diff \"${PODS_ROOT}/../Podfile.lock\" \"${PODS_ROOT}/Manifest.lock\" > /dev/null\nif [ $? != 0 ] ; then\n    # print error to STDERR\n    echo \"error: The sandbox is not in sync with the Podfile.lock. Run 'pod install' or update your CocoaPods installation.\" >&2\n    exit 1\nfi\n";
			showEnvVarsInLog = 0;
		};
		C9D95A1D0A89983A1F3A7C79 /* [CP] Check Pods Manifest.lock */ = {
			isa = PBXShellScriptBuildPhase;
			buildActionMask = 2147483647;
			files = (
			);
			inputPaths = (
			);
			name = "[CP] Check Pods Manifest.lock";
			outputPaths = (
			);
			runOnlyForDeploymentPostprocessing = 0;
			shellPath = /bin/sh;
			shellScript = "diff \"${PODS_ROOT}/../Podfile.lock\" \"${PODS_ROOT}/Manifest.lock\" > /dev/null\nif [ $? != 0 ] ; then\n    # print error to STDERR\n    echo \"error: The sandbox is not in sync with the Podfile.lock. Run 'pod install' or update your CocoaPods installation.\" >&2\n    exit 1\nfi\n";
			showEnvVarsInLog = 0;
		};
		CAE3E3A4315C115D2B1FDF18 /* R.swift */ = {
			isa = PBXShellScriptBuildPhase;
			buildActionMask = 2147483647;
			files = (
			);
			inputPaths = (
			);
			name = R.swift;
			outputPaths = (
			);
			runOnlyForDeploymentPostprocessing = 0;
			shellPath = /bin/sh;
			shellScript = "\"$PODS_ROOT/R.swift/rswift\" \"$SRCROOT/$PROJECT_NAME/Resources/R\"\n";
		};
		CCB344D3B11C7AF28D22D630 /* [CP] Copy Pods Resources */ = {
			isa = PBXShellScriptBuildPhase;
			buildActionMask = 2147483647;
			files = (
			);
			inputPaths = (
			);
			name = "[CP] Copy Pods Resources";
			outputPaths = (
			);
			runOnlyForDeploymentPostprocessing = 0;
			shellPath = /bin/sh;
			shellScript = "\"${SRCROOT}/Pods/Target Support Files/Pods-GoEuroCommon-Tests/Pods-GoEuroCommon-Tests-resources.sh\"\n";
			showEnvVarsInLog = 0;
		};
		F7CBF87AE31E1E442A316B5E /* [CP] Embed Pods Frameworks */ = {
			isa = PBXShellScriptBuildPhase;
			buildActionMask = 2147483647;
			files = (
			);
			inputPaths = (
			);
			name = "[CP] Embed Pods Frameworks";
			outputPaths = (
			);
			runOnlyForDeploymentPostprocessing = 0;
			shellPath = /bin/sh;
			shellScript = "\"${SRCROOT}/Pods/Target Support Files/Pods-GoEuroCommon-Tests/Pods-GoEuroCommon-Tests-frameworks.sh\"\n";
			showEnvVarsInLog = 0;
		};
/* End PBXShellScriptBuildPhase section */

/* Begin PBXSourcesBuildPhase section */
		421F6DDB582269E4B9A0C250 /* Sources */ = {
			isa = PBXSourcesBuildPhase;
			buildActionMask = 2147483647;
			files = (
			);
			runOnlyForDeploymentPostprocessing = 0;
		};
		D6E86AAF9055394866C5C394 /* Sources */ = {
			isa = PBXSourcesBuildPhase;
			buildActionMask = 2147483647;
			files = (
				AD6FD6B21E3B59F1002C3FEA /* AppCoordinator.swift in Sources */,
				AD6FD6A51E3B53B9002C3FEA /* TravelCell.swift in Sources */,
				AD6FD6AE1E3B58F0002C3FEA /* BusesViewModel.swift in Sources */,
				AD6FD6AC1E3B58E3002C3FEA /* TrainsViewModel.swift in Sources */,
				AD6FD6B41E3B59F9002C3FEA /* TravelCoordinator.swift in Sources */,
				AD6FD6B81E3B5C10002C3FEA /* ViewModel.swift in Sources */,
				AD6FD69E1E3B518B002C3FEA /* FlightsViewController.swift in Sources */,
				AD6FD6A01E3B51D0002C3FEA /* BusesViewController.swift in Sources */,
				AD6FD6C41E3B6294002C3FEA /* UIImageView+Rx.swift in Sources */,
				AD6FD6BC1E3B5C89002C3FEA /* TravelItemViewModel.swift in Sources */,
				AD58384D1E3A15920039B975 /* Providers.swift in Sources */,
				AD6FD6B61E3B5AAF002C3FEA /* Coordinator.swift in Sources */,
				AD5838461E3A13B10039B975 /* EnumKey.swift in Sources */,
				AD6FD6AA1E3B58A3002C3FEA /* BaseViewController.swift in Sources */,
				AD6FD69C1E3B50E2002C3FEA /* ContainerViewController.swift in Sources */,
				AD6FD6A21E3B51EA002C3FEA /* TrainsViewController.swift in Sources */,
				AD6FD6D71E3B9C05002C3FEA /* FileReader.swift in Sources */,
				ED704DBCFC016CC00ABE23FE /* AppDelegate.swift in Sources */,
				AD5838481E3A14D50039B975 /* TravelMode.swift in Sources */,
				AD6FD6CC1E3B9A82002C3FEA /* String+Range.swift in Sources */,
				AD6FD6B01E3B58FD002C3FEA /* FlightsViewModel.swift in Sources */,
				AD58387A1E3B4C6B0039B975 /* ObservableType+Mappable.swift in Sources */,
				AD5838421E3A13620039B975 /* Train.swift in Sources */,
				AD5838521E3A16EB0039B975 /* ProviderLogoTransformer.swift in Sources */,
				AD6FD6CA1E3B92FE002C3FEA /* UINavigationController+StatusBar.swift in Sources */,
				AD58384F1E3A159B0039B975 /* NetworkClient.swift in Sources */,
				AD5838441E3A136F0039B975 /* Bus.swift in Sources */,
				AD6FD6BA1E3B5C23002C3FEA /* SectionViewModelType.swift in Sources */,
				AD6FD6D91E3B9C23002C3FEA /* JSONReader.swift in Sources */,
				AD6FD6C61E3B8F0C002C3FEA /* Stylesheet.swift in Sources */,
				AD6FD6C21E3B6270002C3FEA /* DownloadableImage.swift in Sources */,
				AD6FD6C81E3B9066002C3FEA /* Appearance.swift in Sources */,
				AD58384B1E3A158A0039B975 /* GoEuroRestApi.swift in Sources */,
				AD5838541E3A17D20039B975 /* R.generated.swift in Sources */,
				AD5838401E3A135B0039B975 /* Flight.swift in Sources */,
				AD6FD6BE1E3B5D00002C3FEA /* ObservableType+TravelMode.swift in Sources */,
			);
			runOnlyForDeploymentPostprocessing = 0;
		};
/* End PBXSourcesBuildPhase section */

/* Begin PBXTargetDependency section */
		0DA6563CECEE6AEDA40E4551 /* PBXTargetDependency */ = {
			isa = PBXTargetDependency;
			name = GoEuro;
			target = 1F85EEBCB7B9207896DB8E8D /* GoEuro */;
			targetProxy = D6E088BF6EBC6FFB98C98567 /* PBXContainerItemProxy */;
		};
/* End PBXTargetDependency section */

/* Begin XCBuildConfiguration section */
		144DB1E21C5D64EDB1929DB0 /* Release */ = {
			isa = XCBuildConfiguration;
			buildSettings = {
				ALWAYS_SEARCH_USER_PATHS = NO;
				ASSETCATALOG_COMPILER_APPICON_NAME = AppIcon;
				CLANG_ANALYZER_NONNULL = YES;
				CLANG_CXX_LANGUAGE_STANDARD = "gnu++0x";
				CLANG_CXX_LIBRARY = "libc++";
				CLANG_ENABLE_MODULES = YES;
				CLANG_ENABLE_OBJC_ARC = YES;
				CLANG_WARN_BOOL_CONVERSION = YES;
				CLANG_WARN_CONSTANT_CONVERSION = YES;
				CLANG_WARN_DEPRECATED_OBJC_IMPLEMENTATIONS = YES;
				CLANG_WARN_DIRECT_OBJC_ISA_USAGE = YES;
				CLANG_WARN_EMPTY_BODY = YES;
				CLANG_WARN_ENUM_CONVERSION = YES;
				CLANG_WARN_INFINITE_RECURSION = YES;
				CLANG_WARN_INT_CONVERSION = YES;
				CLANG_WARN_OBJC_IMPLICIT_RETAIN_SELF = YES;
				CLANG_WARN_OBJC_ROOT_CLASS = YES;
				CLANG_WARN_SUSPICIOUS_IMPLICIT_CONVERSION = YES;
				CLANG_WARN_SUSPICIOUS_MOVE = YES;
				CLANG_WARN_UNREACHABLE_CODE = YES;
				CLANG_WARN__DUPLICATE_METHOD_MATCH = YES;
				"CODE_SIGN_IDENTITY[sdk=iphoneos*]" = "iPhone Developer";
				COPY_PHASE_STRIP = YES;
				ENABLE_NS_ASSERTIONS = NO;
				ENABLE_STRICT_OBJC_MSGSEND = YES;
				GCC_C_LANGUAGE_STANDARD = gnu99;
				GCC_NO_COMMON_BLOCKS = YES;
				GCC_WARN_64_TO_32_BIT_CONVERSION = YES;
				GCC_WARN_ABOUT_DEPRECATED_FUNCTIONS = YES;
				GCC_WARN_ABOUT_MISSING_FIELD_INITIALIZERS = YES;
				GCC_WARN_ABOUT_MISSING_NEWLINE = YES;
				GCC_WARN_ABOUT_RETURN_TYPE = YES;
				GCC_WARN_CHECK_SWITCH_STATEMENTS = YES;
				GCC_WARN_INITIALIZER_NOT_FULLY_BRACKETED = YES;
				GCC_WARN_MISSING_PARENTHESES = YES;
				GCC_WARN_SHADOW = YES;
				GCC_WARN_SIGN_COMPARE = YES;
				GCC_WARN_TYPECHECK_CALLS_TO_PRINTF = YES;
				GCC_WARN_UNDECLARED_SELECTOR = YES;
				GCC_WARN_UNINITIALIZED_AUTOS = YES;
				GCC_WARN_UNUSED_FUNCTION = YES;
				GCC_WARN_UNUSED_LABEL = YES;
				GCC_WARN_UNUSED_VALUE = YES;
				GCC_WARN_UNUSED_VARIABLE = YES;
				IPHONEOS_DEPLOYMENT_TARGET = 8.0;
				RUN_CLANG_STATIC_ANALYZER = YES;
				SDKROOT = iphoneos;
				SWIFT_OPTIMIZATION_LEVEL = "-Owholemodule";
				VALIDATE_PRODUCT = YES;
			};
			name = Release;
		};
		821F9A9A70040706DEBD34CB /* Debug */ = {
			isa = XCBuildConfiguration;
			buildSettings = {
				ALWAYS_SEARCH_USER_PATHS = NO;
				ASSETCATALOG_COMPILER_APPICON_NAME = AppIcon;
				CLANG_ANALYZER_NONNULL = YES;
				CLANG_CXX_LANGUAGE_STANDARD = "gnu++0x";
				CLANG_CXX_LIBRARY = "libc++";
				CLANG_ENABLE_MODULES = YES;
				CLANG_ENABLE_OBJC_ARC = YES;
				CLANG_WARN_BOOL_CONVERSION = YES;
				CLANG_WARN_CONSTANT_CONVERSION = YES;
				CLANG_WARN_DEPRECATED_OBJC_IMPLEMENTATIONS = YES;
				CLANG_WARN_DIRECT_OBJC_ISA_USAGE = YES;
				CLANG_WARN_EMPTY_BODY = YES;
				CLANG_WARN_ENUM_CONVERSION = YES;
				CLANG_WARN_INFINITE_RECURSION = YES;
				CLANG_WARN_INT_CONVERSION = YES;
				CLANG_WARN_OBJC_IMPLICIT_RETAIN_SELF = YES;
				CLANG_WARN_OBJC_ROOT_CLASS = YES;
				CLANG_WARN_SUSPICIOUS_IMPLICIT_CONVERSION = YES;
				CLANG_WARN_SUSPICIOUS_MOVE = YES;
				CLANG_WARN_UNREACHABLE_CODE = YES;
				CLANG_WARN__DUPLICATE_METHOD_MATCH = YES;
				"CODE_SIGN_IDENTITY[sdk=iphoneos*]" = "iPhone Developer";
				COPY_PHASE_STRIP = NO;
				ENABLE_STRICT_OBJC_MSGSEND = YES;
				ENABLE_TESTABILITY = YES;
				GCC_C_LANGUAGE_STANDARD = gnu99;
				GCC_DYNAMIC_NO_PIC = NO;
				GCC_NO_COMMON_BLOCKS = YES;
				GCC_OPTIMIZATION_LEVEL = 0;
				GCC_PREPROCESSOR_DEFINITIONS = (
					"DEBUG=1",
					"$(inherited)",
				);
				GCC_SYMBOLS_PRIVATE_EXTERN = NO;
				GCC_WARN_64_TO_32_BIT_CONVERSION = YES;
				GCC_WARN_ABOUT_DEPRECATED_FUNCTIONS = YES;
				GCC_WARN_ABOUT_MISSING_FIELD_INITIALIZERS = YES;
				GCC_WARN_ABOUT_MISSING_NEWLINE = YES;
				GCC_WARN_ABOUT_RETURN_TYPE = YES;
				GCC_WARN_CHECK_SWITCH_STATEMENTS = YES;
				GCC_WARN_INITIALIZER_NOT_FULLY_BRACKETED = YES;
				GCC_WARN_MISSING_PARENTHESES = YES;
				GCC_WARN_SHADOW = YES;
				GCC_WARN_SIGN_COMPARE = YES;
				GCC_WARN_TYPECHECK_CALLS_TO_PRINTF = YES;
				GCC_WARN_UNDECLARED_SELECTOR = YES;
				GCC_WARN_UNINITIALIZED_AUTOS = YES;
				GCC_WARN_UNUSED_FUNCTION = YES;
				GCC_WARN_UNUSED_LABEL = YES;
				GCC_WARN_UNUSED_VALUE = YES;
				GCC_WARN_UNUSED_VARIABLE = YES;
				IPHONEOS_DEPLOYMENT_TARGET = 8.0;
				ONLY_ACTIVE_ARCH = YES;
				RUN_CLANG_STATIC_ANALYZER = YES;
				SDKROOT = iphoneos;
			};
			name = Debug;
		};
		89C89497C9274FA6352691FB /* Release */ = {
			isa = XCBuildConfiguration;
			baseConfigurationReference = 07F499203A7ECAC08E97DCBE /* Pods-GoEuroCommon-Tests.release.xcconfig */;
			buildSettings = {
				ALWAYS_EMBED_SWIFT_STANDARD_LIBRARIES = YES;
				BUNDLE_LOADER = "$(BUILT_PRODUCTS_DIR)/GoEuro.app/GoEuro";
				ENABLE_STRICT_OBJC_MSGSEND = YES;
				FRAMEWORK_SEARCH_PATHS = (
					"$(SDKROOT)/Developer/Library/Frameworks",
					"$(inherited)",
					"$(DEVELOPER_FRAMEWORKS_DIR)",
				);
				GCC_NO_COMMON_BLOCKS = YES;
				INFOPLIST_FILE = "Tests/Resources/Tests-Info.plist";
				PRODUCT_NAME = "$(TARGET_NAME)";
				SDKROOT = iphoneos;
				SKIP_INSTALL = YES;
				TEST_HOST = "$(BUNDLE_LOADER)";
				WRAPPER_EXTENSION = xctest;
			};
			name = Release;
		};
		8E8E1CFA253DE18569FB3610 /* Debug */ = {
			isa = XCBuildConfiguration;
			baseConfigurationReference = 7D13F5FB2A82685CCAA78D9F /* Pods-GoEuroCommon-Tests.debug.xcconfig */;
			buildSettings = {
				ALWAYS_EMBED_SWIFT_STANDARD_LIBRARIES = YES;
				BUNDLE_LOADER = "$(BUILT_PRODUCTS_DIR)/GoEuro.app/GoEuro";
				ENABLE_STRICT_OBJC_MSGSEND = YES;
				FRAMEWORK_SEARCH_PATHS = (
					"$(SDKROOT)/Developer/Library/Frameworks",
					"$(inherited)",
					"$(DEVELOPER_FRAMEWORKS_DIR)",
				);
				GCC_NO_COMMON_BLOCKS = YES;
				INFOPLIST_FILE = "Tests/Resources/Tests-Info.plist";
				PRODUCT_NAME = "$(TARGET_NAME)";
				SDKROOT = iphoneos;
				SKIP_INSTALL = YES;
				TEST_HOST = "$(BUNDLE_LOADER)";
				WRAPPER_EXTENSION = xctest;
			};
			name = Debug;
		};
		90F6928B229AAEE112B0F0AC /* Release */ = {
			isa = XCBuildConfiguration;
			baseConfigurationReference = 2B403AB4AC009D69ECC6DD12 /* Pods-GoEuroCommon-GoEuro.release.xcconfig */;
			buildSettings = {
				ALWAYS_EMBED_SWIFT_STANDARD_LIBRARIES = YES;
				ASSETCATALOG_COMPILER_APPICON_NAME = AppIcon;
				"CODE_SIGN_IDENTITY[sdk=iphoneos*]" = "iPhone Developer";
				DEBUG_INFORMATION_FORMAT = "dwarf-with-dsym";
				ENABLE_STRICT_OBJC_MSGSEND = YES;
				GCC_NO_COMMON_BLOCKS = YES;
				GCC_TREAT_WARNINGS_AS_ERRORS = YES;
				INFOPLIST_FILE = "GoEuro/Supporting Files/Info.plist";
				LD_RUNPATH_SEARCH_PATHS = "$(inherited) @executable_path/Frameworks";
				MTL_ENABLE_DEBUG_INFO = NO;
				PRODUCT_BUNDLE_IDENTIFIER = "com.goeuro.${PRODUCT_NAME:rfc1034identifier}";
				PRODUCT_NAME = "$(TARGET_NAME)";
				SDKROOT = iphoneos;
				SWIFT_VERSION = 3.0;
				TARGETED_DEVICE_FAMILY = "1,2";
			};
			name = Release;
		};
		92DA0940550B79D6369B3B2C /* Debug */ = {
			isa = XCBuildConfiguration;
			baseConfigurationReference = 256F1817F40F809E834BD7BE /* Pods-GoEuroCommon-GoEuro.debug.xcconfig */;
			buildSettings = {
				ALWAYS_EMBED_SWIFT_STANDARD_LIBRARIES = YES;
				ASSETCATALOG_COMPILER_APPICON_NAME = AppIcon;
				"CODE_SIGN_IDENTITY[sdk=iphoneos*]" = "iPhone Developer";
				DEBUG_INFORMATION_FORMAT = dwarf;
				ENABLE_STRICT_OBJC_MSGSEND = YES;
				GCC_NO_COMMON_BLOCKS = YES;
				INFOPLIST_FILE = "GoEuro/Supporting Files/Info.plist";
				LD_RUNPATH_SEARCH_PATHS = "$(inherited) @executable_path/Frameworks";
				MTL_ENABLE_DEBUG_INFO = YES;
				PRODUCT_BUNDLE_IDENTIFIER = "com.goeuro.${PRODUCT_NAME:rfc1034identifier}";
				PRODUCT_NAME = "$(TARGET_NAME)";
				SDKROOT = iphoneos;
				SWIFT_VERSION = 3.0;
				TARGETED_DEVICE_FAMILY = "1,2";
			};
			name = Debug;
		};
/* End XCBuildConfiguration section */

/* Begin XCConfigurationList section */
		4AED13C0D40BF56796F47709 /* Build configuration list for PBXNativeTarget "GoEuro" */ = {
			isa = XCConfigurationList;
			buildConfigurations = (
				90F6928B229AAEE112B0F0AC /* Release */,
				92DA0940550B79D6369B3B2C /* Debug */,
			);
			defaultConfigurationIsVisible = 0;
			defaultConfigurationName = Release;
		};
		92422617A14D1E0EC2D1C944 /* Build configuration list for PBXNativeTarget "Tests" */ = {
			isa = XCConfigurationList;
			buildConfigurations = (
				89C89497C9274FA6352691FB /* Release */,
				8E8E1CFA253DE18569FB3610 /* Debug */,
			);
			defaultConfigurationIsVisible = 0;
			defaultConfigurationName = Release;
		};
		E69C5F35E46574E4D2D2FC65 /* Build configuration list for PBXProject "GoEuro" */ = {
			isa = XCConfigurationList;
			buildConfigurations = (
				821F9A9A70040706DEBD34CB /* Debug */,
				144DB1E21C5D64EDB1929DB0 /* Release */,
			);
			defaultConfigurationIsVisible = 0;
			defaultConfigurationName = Release;
		};
/* End XCConfigurationList section */
	};
	rootObject = E250EBC0BD06558A79F1E854 /* Project object */;
}
